
Microsoft Visual Studio Solution File, Format Version 12.00
# Visual Studio Version 17
VisualStudioVersion = 17.7.34024.191
MinimumVisualStudioVersion = 10.0.40219.1
Project("{2150E333-8FDC-42A3-9474-1A3956D46DE8}") = "src", "src", "{A15E536A-BC03-4151-8789-612C390E3332}"
EndProject
Project("{2150E333-8FDC-42A3-9474-1A3956D46DE8}") = "building blocks", "building blocks", "{DC486564-2054-4BFB-AD3D-691D46861E0F}"
EndProject
Project("{2150E333-8FDC-42A3-9474-1A3956D46DE8}") = "services", "services", "{E0664C7B-CB6A-421F-BA6E-A51D6D5E3D4B}"
EndProject
Project("{2150E333-8FDC-42A3-9474-1A3956D46DE8}") = "web", "web", "{B70282C2-9745-493A-A72C-F6E04F6681F3}"
EndProject
Project("{2150E333-8FDC-42A3-9474-1A3956D46DE8}") = "Identidade", "Identidade", "{6D2725F9-642C-452C-86BC-8AEDC1FA0B82}"
EndProject
Project("{9A19103F-16F7-4668-BE54-9A1E7A4F7556}") = "NSE.Identity.API", "src\services\NSE.Identity.API\NSE.Identity.API.csproj", "{35E88787-3B2B-474A-BABD-33AB4C2B63DB}"
EndProject
Project("{2150E333-8FDC-42A3-9474-1A3956D46DE8}") = "MVC", "MVC", "{BEE9A05D-856B-40FD-9B02-AA8B03262526}"
EndProject
Project("{2150E333-8FDC-42A3-9474-1A3956D46DE8}") = "core", "core", "{1621812B-DDB0-47E3-B00B-EE0E32192385}"
EndProject
Project("{9A19103F-16F7-4668-BE54-9A1E7A4F7556}") = "NSE.Core", "src\building blocks\NSE.Core\NSE.Core.csproj", "{9B89C16A-C8ED-4516-9082-835FD85EF65F}"
EndProject
Project("{2150E333-8FDC-42A3-9474-1A3956D46DE8}") = "Carrinho", "Carrinho", "{FDE68753-1172-4030-A70F-113B013EA488}"
EndProject
Project("{2150E333-8FDC-42A3-9474-1A3956D46DE8}") = "Catalogo", "Catalogo", "{59C64568-02C6-48DF-894C-A367B67BE97F}"
EndProject
Project("{2150E333-8FDC-42A3-9474-1A3956D46DE8}") = "Cliente", "Cliente", "{A8CF932E-6FEF-4DF9-8165-B9701CC58647}"
EndProject
Project("{2150E333-8FDC-42A3-9474-1A3956D46DE8}") = "Pagamento", "Pagamento", "{44B45D4D-F494-450A-AAE2-2A08B8E8D62E}"
EndProject
Project("{2150E333-8FDC-42A3-9474-1A3956D46DE8}") = "Pedido", "Pedido", "{BCEB07FD-BC23-4754-9DFA-E7DF1AEE5478}"
EndProject
Project("{9A19103F-16F7-4668-BE54-9A1E7A4F7556}") = "NSE.Carrinho.API", "src\services\NSE.Carrinho.API\NSE.Carrinho.API.csproj", "{3EC1D8A2-35A6-46E9-B181-E19781871329}"
EndProject
Project("{9A19103F-16F7-4668-BE54-9A1E7A4F7556}") = "NSE.Catalogo.API", "src\services\NSE.Catalogo.API\NSE.Catalogo.API.csproj", "{DF5DBA62-8B87-4259-A2B7-82589F8B0EF0}"
EndProject
Project("{9A19103F-16F7-4668-BE54-9A1E7A4F7556}") = "NSE.Cliente.API", "src\services\NSE.Cliente.API\NSE.Cliente.API.csproj", "{D141E4FB-BC98-47F3-AD41-BCB9C791F054}"
EndProject
Project("{9A19103F-16F7-4668-BE54-9A1E7A4F7556}") = "NSE.Pagamento.API", "src\services\NSE.Pagamento.API\NSE.Pagamento.API.csproj", "{5ACE3A26-C75F-4839-A7A0-6C985AA0FF47}"
EndProject
Project("{9A19103F-16F7-4668-BE54-9A1E7A4F7556}") = "NSE.Pedido.API", "src\services\NSE.Pedido.API\NSE.Pedido.API.csproj", "{87742879-A774-4F38-B5E3-676AD257CFE6}"
EndProject
Project("{9A19103F-16F7-4668-BE54-9A1E7A4F7556}") = "NSE.WebApp.MVC", "src\web\NSE.WebApp.MVC\NSE.WebApp.MVC.csproj", "{737F3325-025A-4EDF-908A-C8757CCA8421}"
EndProject
Global
	GlobalSection(SolutionConfigurationPlatforms) = preSolution
		Debug|Any CPU = Debug|Any CPU
		Release|Any CPU = Release|Any CPU
	EndGlobalSection
	GlobalSection(ProjectConfigurationPlatforms) = postSolution
		{35E88787-3B2B-474A-BABD-33AB4C2B63DB}.Debug|Any CPU.ActiveCfg = Debug|Any CPU
		{35E88787-3B2B-474A-BABD-33AB4C2B63DB}.Debug|Any CPU.Build.0 = Debug|Any CPU
		{35E88787-3B2B-474A-BABD-33AB4C2B63DB}.Release|Any CPU.ActiveCfg = Release|Any CPU
		{35E88787-3B2B-474A-BABD-33AB4C2B63DB}.Release|Any CPU.Build.0 = Release|Any CPU
		{9B89C16A-C8ED-4516-9082-835FD85EF65F}.Debug|Any CPU.ActiveCfg = Debug|Any CPU
		{9B89C16A-C8ED-4516-9082-835FD85EF65F}.Debug|Any CPU.Build.0 = Debug|Any CPU
		{9B89C16A-C8ED-4516-9082-835FD85EF65F}.Release|Any CPU.ActiveCfg = Release|Any CPU
		{9B89C16A-C8ED-4516-9082-835FD85EF65F}.Release|Any CPU.Build.0 = Release|Any CPU
		{3EC1D8A2-35A6-46E9-B181-E19781871329}.Debug|Any CPU.ActiveCfg = Debug|Any CPU
		{3EC1D8A2-35A6-46E9-B181-E19781871329}.Debug|Any CPU.Build.0 = Debug|Any CPU
		{3EC1D8A2-35A6-46E9-B181-E19781871329}.Release|Any CPU.ActiveCfg = Release|Any CPU
		{3EC1D8A2-35A6-46E9-B181-E19781871329}.Release|Any CPU.Build.0 = Release|Any CPU
		{DF5DBA62-8B87-4259-A2B7-82589F8B0EF0}.Debug|Any CPU.ActiveCfg = Debug|Any CPU
		{DF5DBA62-8B87-4259-A2B7-82589F8B0EF0}.Debug|Any CPU.Build.0 = Debug|Any CPU
		{DF5DBA62-8B87-4259-A2B7-82589F8B0EF0}.Release|Any CPU.ActiveCfg = Release|Any CPU
		{DF5DBA62-8B87-4259-A2B7-82589F8B0EF0}.Release|Any CPU.Build.0 = Release|Any CPU
		{D141E4FB-BC98-47F3-AD41-BCB9C791F054}.Debug|Any CPU.ActiveCfg = Debug|Any CPU
		{D141E4FB-BC98-47F3-AD41-BCB9C791F054}.Debug|Any CPU.Build.0 = Debug|Any CPU
		{D141E4FB-BC98-47F3-AD41-BCB9C791F054}.Release|Any CPU.ActiveCfg = Release|Any CPU
		{D141E4FB-BC98-47F3-AD41-BCB9C791F054}.Release|Any CPU.Build.0 = Release|Any CPU
		{5ACE3A26-C75F-4839-A7A0-6C985AA0FF47}.Debug|Any CPU.ActiveCfg = Debug|Any CPU
		{5ACE3A26-C75F-4839-A7A0-6C985AA0FF47}.Debug|Any CPU.Build.0 = Debug|Any CPU
		{5ACE3A26-C75F-4839-A7A0-6C985AA0FF47}.Release|Any CPU.ActiveCfg = Release|Any CPU
		{5ACE3A26-C75F-4839-A7A0-6C985AA0FF47}.Release|Any CPU.Build.0 = Release|Any CPU
		{87742879-A774-4F38-B5E3-676AD257CFE6}.Debug|Any CPU.ActiveCfg = Debug|Any CPU
		{87742879-A774-4F38-B5E3-676AD257CFE6}.Debug|Any CPU.Build.0 = Debug|Any CPU
		{87742879-A774-4F38-B5E3-676AD257CFE6}.Release|Any CPU.ActiveCfg = Release|Any CPU
		{87742879-A774-4F38-B5E3-676AD257CFE6}.Release|Any CPU.Build.0 = Release|Any CPU
		{737F3325-025A-4EDF-908A-C8757CCA8421}.Debug|Any CPU.ActiveCfg = Debug|Any CPU
		{737F3325-025A-4EDF-908A-C8757CCA8421}.Debug|Any CPU.Build.0 = Debug|Any CPU
		{737F3325-025A-4EDF-908A-C8757CCA8421}.Release|Any CPU.ActiveCfg = Release|Any CPU
		{737F3325-025A-4EDF-908A-C8757CCA8421}.Release|Any CPU.Build.0 = Release|Any CPU
	EndGlobalSection
	GlobalSection(SolutionProperties) = preSolution
		HideSolutionNode = FALSE
	EndGlobalSection
	GlobalSection(NestedProjects) = preSolution
		{DC486564-2054-4BFB-AD3D-691D46861E0F} = {A15E536A-BC03-4151-8789-612C390E3332}
		{E0664C7B-CB6A-421F-BA6E-A51D6D5E3D4B} = {A15E536A-BC03-4151-8789-612C390E3332}
		{B70282C2-9745-493A-A72C-F6E04F6681F3} = {A15E536A-BC03-4151-8789-612C390E3332}
		{6D2725F9-642C-452C-86BC-8AEDC1FA0B82} = {E0664C7B-CB6A-421F-BA6E-A51D6D5E3D4B}
		{35E88787-3B2B-474A-BABD-33AB4C2B63DB} = {6D2725F9-642C-452C-86BC-8AEDC1FA0B82}
		{BEE9A05D-856B-40FD-9B02-AA8B03262526} = {B70282C2-9745-493A-A72C-F6E04F6681F3}
		{1621812B-DDB0-47E3-B00B-EE0E32192385} = {DC486564-2054-4BFB-AD3D-691D46861E0F}
		{9B89C16A-C8ED-4516-9082-835FD85EF65F} = {1621812B-DDB0-47E3-B00B-EE0E32192385}
		{FDE68753-1172-4030-A70F-113B013EA488} = {E0664C7B-CB6A-421F-BA6E-A51D6D5E3D4B}
		{59C64568-02C6-48DF-894C-A367B67BE97F} = {E0664C7B-CB6A-421F-BA6E-A51D6D5E3D4B}
		{A8CF932E-6FEF-4DF9-8165-B9701CC58647} = {E0664C7B-CB6A-421F-BA6E-A51D6D5E3D4B}
		{44B45D4D-F494-450A-AAE2-2A08B8E8D62E} = {E0664C7B-CB6A-421F-BA6E-A51D6D5E3D4B}
		{BCEB07FD-BC23-4754-9DFA-E7DF1AEE5478} = {E0664C7B-CB6A-421F-BA6E-A51D6D5E3D4B}
		{3EC1D8A2-35A6-46E9-B181-E19781871329} = {FDE68753-1172-4030-A70F-113B013EA488}
		{DF5DBA62-8B87-4259-A2B7-82589F8B0EF0} = {59C64568-02C6-48DF-894C-A367B67BE97F}
		{D141E4FB-BC98-47F3-AD41-BCB9C791F054} = {A8CF932E-6FEF-4DF9-8165-B9701CC58647}
		{5ACE3A26-C75F-4839-A7A0-6C985AA0FF47} = {44B45D4D-F494-450A-AAE2-2A08B8E8D62E}
		{87742879-A774-4F38-B5E3-676AD257CFE6} = {BCEB07FD-BC23-4754-9DFA-E7DF1AEE5478}
		{737F3325-025A-4EDF-908A-C8757CCA8421} = {BEE9A05D-856B-40FD-9B02-AA8B03262526}
	EndGlobalSection
	GlobalSection(ExtensibilityGlobals) = postSolution
		SolutionGuid = {B3CC2C47-ACC9-4B98-967B-953A689ADF8F}
	EndGlobalSection
EndGlobal
